<?xml version="1.0" encoding="utf-8"?>
<Project ToolsVersion="4.0" xmlns="http://schemas.microsoft.com/developer/msbuild/2003">
  <ItemGroup>
    <Filter Include="Source Files">
      <UniqueIdentifier>{4FC737F1-C7A5-4376-A066-2A32D752A2FF}</UniqueIdentifier>
      <Extensions>cpp;c;cc;cxx;def;odl;idl;hpj;bat;asm;asmx</Extensions>
    </Filter>
    <Filter Include="Header Files">
      <UniqueIdentifier>{93995380-89BD-4b04-88EB-625FBE52EBFB}</UniqueIdentifier>
      <Extensions>h;hpp;hxx;hm;inl;inc;xsd</Extensions>
    </Filter>
    <Filter Include="Resource Files">
      <UniqueIdentifier>{67DA6AB6-F800-4c08-8B7A-83BB121AAD01}</UniqueIdentifier>
      <Extensions>rc;ico;cur;bmp;dlg;rc2;rct;bin;rgs;gif;jpg;jpeg;jpe;resx;tiff;tif;png;wav;mfcribbon-ms</Extensions>
    </Filter>
    <Filter Include="Driver Files">
      <UniqueIdentifier>{8E41214B-6785-4CFE-B992-037D68949A14}</UniqueIdentifier>
      <Extensions>inf;inv;inx;mof;mc;</Extensions>
    </Filter>
  </ItemGroup>
  <ItemGroup>
    <ClInclude Include="AutoLock.h">
      <Filter>Header Files</Filter>
    </ClInclude>
    <ClInclude Include="FastMutex.h">
      <Filter>Header Files</Filter>
    </ClInclude>
    <ClInclude Include="NidhoggCommon.h">
      <Filter>Header Files</Filter>
    </ClInclude>
    <ClInclude Include="pch.h">
      <Filter>Header Files</Filter>
    </ClInclude>
    <ClInclude Include="ProcessUtils.h">
      <Filter>Header Files</Filter>
    </ClInclude>
    <ClInclude Include="FileUtils.h">
      <Filter>Header Files</Filter>
    </ClInclude>
    <ClInclude Include="RegistryUtils.h">
      <Filter>Header Files</Filter>
    </ClInclude>
    <ClInclude Include="WindowsTypes.h">
      <Filter>Header Files</Filter>
    </ClInclude>
    <ClInclude Include="MemoryUtils.h">
      <Filter>Header Files</Filter>
    </ClInclude>
    <ClInclude Include="Nidhogg.h">
      <Filter>Header Files</Filter>
    </ClInclude>
    <ClInclude Include="NidhoggDeviceControl.h">
      <Filter>Header Files</Filter>
    </ClInclude>
    <ClInclude Include="AntiAnalysis.h">
      <Filter>Header Files</Filter>
    </ClInclude>
    <ClInclude Include="MemoryAllocator.hpp">
      <Filter>Header Files</Filter>
    </ClInclude>
    <ClInclude Include="MemoryHelper.hpp">
      <Filter>Header Files</Filter>
    </ClInclude>
    <ClInclude Include="NetworkUtils.h">
      <Filter>Header Files</Filter>
    </ClInclude>
    <ClInclude Include="BaseParser.h">
      <Filter>Header Files</Filter>
    </ClInclude>
    <ClInclude Include="ScriptManager.h">
      <Filter>Header Files</Filter>
    </ClInclude>
    <ClInclude Include="ProcessParser.h">
      <Filter>Header Files</Filter>
    </ClInclude>
    <ClInclude Include="ThreadParser.h">
      <Filter>Header Files</Filter>
    </ClInclude>
    <ClInclude Include="CallbacksParser.h">
      <Filter>Header Files</Filter>
    </ClInclude>
    <ClInclude Include="DriverParser.h">
      <Filter>Header Files</Filter>
    </ClInclude>
    <ClInclude Include="DllInjectionParser.h">
      <Filter>Header Files</Filter>
    </ClInclude>
    <ClInclude Include="ShellcodeInjectionParser.h">
      <Filter>Header Files</Filter>
    </ClInclude>
    <ClInclude Include="FileParser.h">
      <Filter>Header Files</Filter>
    </ClInclude>
    <ClInclude Include="EtwTiParser.h">
      <Filter>Header Files</Filter>
    </ClInclude>
    <ClInclude Include="ModuleParser.h">
      <Filter>Header Files</Filter>
    </ClInclude>
    <ClInclude Include="PatchParser.h">
      <Filter>Header Files</Filter>
    </ClInclude>
    <ClInclude Include="RegistryParser.h">
      <Filter>Header Files</Filter>
    </ClInclude>
    <ClInclude Include="NetworkParser.h">
      <Filter>Header Files</Filter>
    </ClInclude>
    <ClInclude Include="Parsers.h">
      <Filter>Header Files</Filter>
    </ClInclude>
    <ClInclude Include="InitialOperation.h">
      <Filter>Header Files</Filter>
    </ClInclude>
  </ItemGroup>
  <ItemGroup>
    <ClCompile Include="FastMutex.cpp">
      <Filter>Source Files</Filter>
    </ClCompile>
    <ClCompile Include="Nidhogg.cpp">
      <Filter>Source Files</Filter>
    </ClCompile>
    <ClCompile Include="pch.cpp">
      <Filter>Source Files</Filter>
    </ClCompile>
    <ClCompile Include="FileUtils.cpp">
      <Filter>Source Files</Filter>
    </ClCompile>
    <ClCompile Include="MemoryUtils.cpp">
      <Filter>Source Files</Filter>
    </ClCompile>
    <ClCompile Include="ProcessUtils.cpp">
      <Filter>Source Files</Filter>
    </ClCompile>
    <ClCompile Include="RegistryUtils.cpp">
      <Filter>Source Files</Filter>
    </ClCompile>
    <ClCompile Include="AntiAnalysis.cpp">
      <Filter>Source Files</Filter>
    </ClCompile>
    <ClCompile Include="NetworkUtils.cpp">
      <Filter>Source Files</Filter>
    </ClCompile>
    <ClCompile Include="BaseParser.cpp">
      <Filter>Source Files</Filter>
    </ClCompile>
    <ClCompile Include="ScriptManager.cpp">
      <Filter>Source Files</Filter>
    </ClCompile>
    <ClCompile Include="ProcessParser.cpp">
      <Filter>Source Files</Filter>
    </ClCompile>
    <ClCompile Include="ThreadParser.cpp">
      <Filter>Source Files</Filter>
    </ClCompile>
    <ClCompile Include="CallbacksParser.cpp">
      <Filter>Source Files</Filter>
    </ClCompile>
    <ClCompile Include="DriverParser.cpp">
      <Filter>Source Files</Filter>
    </ClCompile>
    <ClCompile Include="DllInjectionParser.cpp">
      <Filter>Source Files</Filter>
    </ClCompile>
    <ClCompile Include="ShellcodeInjectionParser.cpp">
      <Filter>Source Files</Filter>
    </ClCompile>
    <ClCompile Include="FileParser.cpp">
      <Filter>Source Files</Filter>
    </ClCompile>
    <ClCompile Include="EtwTiParser.cpp">
      <Filter>Source Files</Filter>
    </ClCompile>
    <ClCompile Include="ModuleParser.cpp">
      <Filter>Source Files</Filter>
    </ClCompile>
    <ClCompile Include="PatchParser.cpp">
      <Filter>Source Files</Filter>
    </ClCompile>
    <ClCompile Include="RegistryParser.cpp">
      <Filter>Source Files</Filter>
    </ClCompile>
    <ClCompile Include="NetworkParser.cpp">
      <Filter>Source Files</Filter>
    </ClCompile>
  </ItemGroup>
</Project>